
Microsoft Visual Studio Solution File, Format Version 12.00
# Visual Studio Version 17
Project("{8BC9CEB8-8B4A-11D0-8D11-00A0C91BC942}") = "ALL_BUILD", "ALL_BUILD.vcxproj", "{EEDE1AE7-789F-384C-B79C-18573A214646}"
	ProjectSection(ProjectDependencies) = postProject
		{2E41566D-6462-3696-9573-12F68990E305} = {2E41566D-6462-3696-9573-12F68990E305}
		{6E5BD299-92AD-35B7-A304-F3E6FC34230A} = {6E5BD299-92AD-35B7-A304-F3E6FC34230A}
		{0344A6EB-EE18-35EA-BC05-6A4969FABA82} = {0344A6EB-EE18-35EA-BC05-6A4969FABA82}
		{F806FB9F-D4C8-3B8C-87AA-0936B27E3FE5} = {F806FB9F-D4C8-3B8C-87AA-0936B27E3FE5}
		{CB1F6B3B-5AB1-3934-A6AB-A8E9F945DBD1} = {CB1F6B3B-5AB1-3934-A6AB-A8E9F945DBD1}
	EndProjectSection
EndProject
Project("{8BC9CEB8-8B4A-11D0-8D11-00A0C91BC942}") = "INSTALL", "INSTALL.vcxproj", "{2719E816-2D0D-385B-8134-A7D2A17AD463}"
	ProjectSection(ProjectDependencies) = postProject
		{EEDE1AE7-789F-384C-B79C-18573A214646} = {EEDE1AE7-789F-384C-B79C-18573A214646}
		{2E41566D-6462-3696-9573-12F68990E305} = {2E41566D-6462-3696-9573-12F68990E305}
	EndProjectSection
EndProject
Project("{8BC9CEB8-8B4A-11D0-8D11-00A0C91BC942}") = "UpdateAssimpLibsDebugSymbolsAndDLLs", "UpdateAssimpLibsDebugSymbolsAndDLLs.vcxproj", "{9C0447C8-A903-3D8B-A301-EF083F0AFB90}"
	ProjectSection(ProjectDependencies) = postProject
		{2E41566D-6462-3696-9573-12F68990E305} = {2E41566D-6462-3696-9573-12F68990E305}
	EndProjectSection
EndProject
Project("{8BC9CEB8-8B4A-11D0-8D11-00A0C91BC942}") = "ZERO_CHECK", "ZERO_CHECK.vcxproj", "{2E41566D-6462-3696-9573-12F68990E305}"
	ProjectSection(ProjectDependencies) = postProject
	EndProjectSection
EndProject
Project("{8BC9CEB8-8B4A-11D0-8D11-00A0C91BC942}") = "assimp", "code\assimp.vcxproj", "{6E5BD299-92AD-35B7-A304-F3E6FC34230A}"
	ProjectSection(ProjectDependencies) = postProject
		{2E41566D-6462-3696-9573-12F68990E305} = {2E41566D-6462-3696-9573-12F68990E305}
		{CB1F6B3B-5AB1-3934-A6AB-A8E9F945DBD1} = {CB1F6B3B-5AB1-3934-A6AB-A8E9F945DBD1}
	EndProjectSection
EndProject
Project("{8BC9CEB8-8B4A-11D0-8D11-00A0C91BC942}") = "assimp_cmd", "tools\assimp_cmd\assimp_cmd.vcxproj", "{0344A6EB-EE18-35EA-BC05-6A4969FABA82}"
	ProjectSection(ProjectDependencies) = postProject
		{2E41566D-6462-3696-9573-12F68990E305} = {2E41566D-6462-3696-9573-12F68990E305}
		{6E5BD299-92AD-35B7-A304-F3E6FC34230A} = {6E5BD299-92AD-35B7-A304-F3E6FC34230A}
		{CB1F6B3B-5AB1-3934-A6AB-A8E9F945DBD1} = {CB1F6B3B-5AB1-3934-A6AB-A8E9F945DBD1}
	EndProjectSection
EndProject
Project("{8BC9CEB8-8B4A-11D0-8D11-00A0C91BC942}") = "uninstall", "uninstall.vcxproj", "{DD61FB48-78C1-3B91-8160-29F146D9AF11}"
	ProjectSection(ProjectDependencies) = postProject
		{2E41566D-6462-3696-9573-12F68990E305} = {2E41566D-6462-3696-9573-12F68990E305}
	EndProjectSection
EndProject
Project("{8BC9CEB8-8B4A-11D0-8D11-00A0C91BC942}") = "unit", "test\unit.vcxproj", "{F806FB9F-D4C8-3B8C-87AA-0936B27E3FE5}"
	ProjectSection(ProjectDependencies) = postProject
		{2E41566D-6462-3696-9573-12F68990E305} = {2E41566D-6462-3696-9573-12F68990E305}
		{6E5BD299-92AD-35B7-A304-F3E6FC34230A} = {6E5BD299-92AD-35B7-A304-F3E6FC34230A}
		{CB1F6B3B-5AB1-3934-A6AB-A8E9F945DBD1} = {CB1F6B3B-5AB1-3934-A6AB-A8E9F945DBD1}
	EndProjectSection
EndProject
Project("{8BC9CEB8-8B4A-11D0-8D11-00A0C91BC942}") = "zlibstatic", "contrib\zlib\zlibstatic.vcxproj", "{CB1F6B3B-5AB1-3934-A6AB-A8E9F945DBD1}"
	ProjectSection(ProjectDependencies) = postProject
		{2E41566D-6462-3696-9573-12F68990E305} = {2E41566D-6462-3696-9573-12F68990E305}
	EndProjectSection
EndProject
Global
	GlobalSection(SolutionConfigurationPlatforms) = preSolution
		Debug|x64 = Debug|x64
		Release|x64 = Release|x64
		MinSizeRel|x64 = MinSizeRel|x64
		RelWithDebInfo|x64 = RelWithDebInfo|x64
	EndGlobalSection
	GlobalSection(ProjectConfigurationPlatforms) = postSolution
		{EEDE1AE7-789F-384C-B79C-18573A214646}.Debug|x64.ActiveCfg = Debug|x64
		{EEDE1AE7-789F-384C-B79C-18573A214646}.Debug|x64.Build.0 = Debug|x64
		{EEDE1AE7-789F-384C-B79C-18573A214646}.Release|x64.ActiveCfg = Release|x64
		{EEDE1AE7-789F-384C-B79C-18573A214646}.Release|x64.Build.0 = Release|x64
		{EEDE1AE7-789F-384C-B79C-18573A214646}.MinSizeRel|x64.ActiveCfg = MinSizeRel|x64
		{EEDE1AE7-789F-384C-B79C-18573A214646}.MinSizeRel|x64.Build.0 = MinSizeRel|x64
		{EEDE1AE7-789F-384C-B79C-18573A214646}.RelWithDebInfo|x64.ActiveCfg = RelWithDebInfo|x64
		{EEDE1AE7-789F-384C-B79C-18573A214646}.RelWithDebInfo|x64.Build.0 = RelWithDebInfo|x64
		{2719E816-2D0D-385B-8134-A7D2A17AD463}.Debug|x64.ActiveCfg = Debug|x64
		{2719E816-2D0D-385B-8134-A7D2A17AD463}.Release|x64.ActiveCfg = Release|x64
		{2719E816-2D0D-385B-8134-A7D2A17AD463}.MinSizeRel|x64.ActiveCfg = MinSizeRel|x64
		{2719E816-2D0D-385B-8134-A7D2A17AD463}.RelWithDebInfo|x64.ActiveCfg = RelWithDebInfo|x64
		{9C0447C8-A903-3D8B-A301-EF083F0AFB90}.Debug|x64.ActiveCfg = Debug|x64
		{9C0447C8-A903-3D8B-A301-EF083F0AFB90}.Release|x64.ActiveCfg = Release|x64
		{9C0447C8-A903-3D8B-A301-EF083F0AFB90}.MinSizeRel|x64.ActiveCfg = MinSizeRel|x64
		{9C0447C8-A903-3D8B-A301-EF083F0AFB90}.RelWithDebInfo|x64.ActiveCfg = RelWithDebInfo|x64
		{2E41566D-6462-3696-9573-12F68990E305}.Debug|x64.ActiveCfg = Debug|x64
		{2E41566D-6462-3696-9573-12F68990E305}.Debug|x64.Build.0 = Debug|x64
		{2E41566D-6462-3696-9573-12F68990E305}.Release|x64.ActiveCfg = Release|x64
		{2E41566D-6462-3696-9573-12F68990E305}.Release|x64.Build.0 = Release|x64
		{2E41566D-6462-3696-9573-12F68990E305}.MinSizeRel|x64.ActiveCfg = MinSizeRel|x64
		{2E41566D-6462-3696-9573-12F68990E305}.MinSizeRel|x64.Build.0 = MinSizeRel|x64
		{2E41566D-6462-3696-9573-12F68990E305}.RelWithDebInfo|x64.ActiveCfg = RelWithDebInfo|x64
		{2E41566D-6462-3696-9573-12F68990E305}.RelWithDebInfo|x64.Build.0 = RelWithDebInfo|x64
		{6E5BD299-92AD-35B7-A304-F3E6FC34230A}.Debug|x64.ActiveCfg = Debug|x64
		{6E5BD299-92AD-35B7-A304-F3E6FC34230A}.Debug|x64.Build.0 = Debug|x64
		{6E5BD299-92AD-35B7-A304-F3E6FC34230A}.Release|x64.ActiveCfg = Release|x64
		{6E5BD299-92AD-35B7-A304-F3E6FC34230A}.Release|x64.Build.0 = Release|x64
		{6E5BD299-92AD-35B7-A304-F3E6FC34230A}.MinSizeRel|x64.ActiveCfg = MinSizeRel|x64
		{6E5BD299-92AD-35B7-A304-F3E6FC34230A}.MinSizeRel|x64.Build.0 = MinSizeRel|x64
		{6E5BD299-92AD-35B7-A304-F3E6FC34230A}.RelWithDebInfo|x64.ActiveCfg = RelWithDebInfo|x64
		{6E5BD299-92AD-35B7-A304-F3E6FC34230A}.RelWithDebInfo|x64.Build.0 = RelWithDebInfo|x64
		{0344A6EB-EE18-35EA-BC05-6A4969FABA82}.Debug|x64.ActiveCfg = Debug|x64
		{0344A6EB-EE18-35EA-BC05-6A4969FABA82}.Debug|x64.Build.0 = Debug|x64
		{0344A6EB-EE18-35EA-BC05-6A4969FABA82}.Release|x64.ActiveCfg = Release|x64
		{0344A6EB-EE18-35EA-BC05-6A4969FABA82}.Release|x64.Build.0 = Release|x64
		{0344A6EB-EE18-35EA-BC05-6A4969FABA82}.MinSizeRel|x64.ActiveCfg = MinSizeRel|x64
		{0344A6EB-EE18-35EA-BC05-6A4969FABA82}.MinSizeRel|x64.Build.0 = MinSizeRel|x64
		{0344A6EB-EE18-35EA-BC05-6A4969FABA82}.RelWithDebInfo|x64.ActiveCfg = RelWithDebInfo|x64
		{0344A6EB-EE18-35EA-BC05-6A4969FABA82}.RelWithDebInfo|x64.Build.0 = RelWithDebInfo|x64
		{DD61FB48-78C1-3B91-8160-29F146D9AF11}.Debug|x64.ActiveCfg = Debug|x64
		{DD61FB48-78C1-3B91-8160-29F146D9AF11}.Release|x64.ActiveCfg = Release|x64
		{DD61FB48-78C1-3B91-8160-29F146D9AF11}.MinSizeRel|x64.ActiveCfg = MinSizeRel|x64
		{DD61FB48-78C1-3B91-8160-29F146D9AF11}.RelWithDebInfo|x64.ActiveCfg = RelWithDebInfo|x64
		{F806FB9F-D4C8-3B8C-87AA-0936B27E3FE5}.Debug|x64.ActiveCfg = Debug|x64
		{F806FB9F-D4C8-3B8C-87AA-0936B27E3FE5}.Debug|x64.Build.0 = Debug|x64
		{F806FB9F-D4C8-3B8C-87AA-0936B27E3FE5}.Release|x64.ActiveCfg = Release|x64
		{F806FB9F-D4C8-3B8C-87AA-0936B27E3FE5}.Release|x64.Build.0 = Release|x64
		{F806FB9F-D4C8-3B8C-87AA-0936B27E3FE5}.MinSizeRel|x64.ActiveCfg = MinSizeRel|x64
		{F806FB9F-D4C8-3B8C-87AA-0936B27E3FE5}.MinSizeRel|x64.Build.0 = MinSizeRel|x64
		{F806FB9F-D4C8-3B8C-87AA-0936B27E3FE5}.RelWithDebInfo|x64.ActiveCfg = RelWithDebInfo|x64
		{F806FB9F-D4C8-3B8C-87AA-0936B27E3FE5}.RelWithDebInfo|x64.Build.0 = RelWithDebInfo|x64
		{CB1F6B3B-5AB1-3934-A6AB-A8E9F945DBD1}.Debug|x64.ActiveCfg = Debug|x64
		{CB1F6B3B-5AB1-3934-A6AB-A8E9F945DBD1}.Debug|x64.Build.0 = Debug|x64
		{CB1F6B3B-5AB1-3934-A6AB-A8E9F945DBD1}.Release|x64.ActiveCfg = Release|x64
		{CB1F6B3B-5AB1-3934-A6AB-A8E9F945DBD1}.Release|x64.Build.0 = Release|x64
		{CB1F6B3B-5AB1-3934-A6AB-A8E9F945DBD1}.MinSizeRel|x64.ActiveCfg = MinSizeRel|x64
		{CB1F6B3B-5AB1-3934-A6AB-A8E9F945DBD1}.MinSizeRel|x64.Build.0 = MinSizeRel|x64
		{CB1F6B3B-5AB1-3934-A6AB-A8E9F945DBD1}.RelWithDebInfo|x64.ActiveCfg = RelWithDebInfo|x64
		{CB1F6B3B-5AB1-3934-A6AB-A8E9F945DBD1}.RelWithDebInfo|x64.Build.0 = RelWithDebInfo|x64
	EndGlobalSection
	GlobalSection(ExtensibilityGlobals) = postSolution
		SolutionGuid = {75ED7BF9-D4A3-3B2F-96F3-2A2EA1988783}
	EndGlobalSection
	GlobalSection(ExtensibilityAddIns) = postSolution
	EndGlobalSection
EndGlobal
