
Microsoft Visual Studio Solution File, Format Version 12.00
# Visual Studio Version 17
Project("{8BC9CEB8-8B4A-11D0-8D11-00A0C91BC942}") = "ALL_BUILD", "ALL_BUILD.vcxproj", "{EEDE1AE7-789F-384C-B79C-18573A214646}"
	ProjectSection(ProjectDependencies) = postProject
		{2E41566D-6462-3696-9573-12F68990E305} = {2E41566D-6462-3696-9573-12F68990E305}
		{CB1F6B3B-5AB1-3934-A6AB-A8E9F945DBD1} = {CB1F6B3B-5AB1-3934-A6AB-A8E9F945DBD1}
	EndProjectSection
EndProject
Project("{8BC9CEB8-8B4A-11D0-8D11-00A0C91BC942}") = "INSTALL", "INSTALL.vcxproj", "{2719E816-2D0D-385B-8134-A7D2A17AD463}"
	ProjectSection(ProjectDependencies) = postProject
		{EEDE1AE7-789F-384C-B79C-18573A214646} = {EEDE1AE7-789F-384C-B79C-18573A214646}
		{2E41566D-6462-3696-9573-12F68990E305} = {2E41566D-6462-3696-9573-12F68990E305}
	EndProjectSection
EndProject
Project("{8BC9CEB8-8B4A-11D0-8D11-00A0C91BC942}") = "ZERO_CHECK", "..\..\\ZERO_CHECK.vcxproj", "{2E41566D-6462-3696-9573-12F68990E305}"
	ProjectSection(ProjectDependencies) = postProject
	EndProjectSection
EndProject
Project("{8BC9CEB8-8B4A-11D0-8D11-00A0C91BC942}") = "zlibstatic", "zlibstatic.vcxproj", "{CB1F6B3B-5AB1-3934-A6AB-A8E9F945DBD1}"
	ProjectSection(ProjectDependencies) = postProject
		{2E41566D-6462-3696-9573-12F68990E305} = {2E41566D-6462-3696-9573-12F68990E305}
	EndProjectSection
EndProject
Global
	GlobalSection(SolutionConfigurationPlatforms) = preSolution
		Debug|x64 = Debug|x64
		Release|x64 = Release|x64
		MinSizeRel|x64 = MinSizeRel|x64
		RelWithDebInfo|x64 = RelWithDebInfo|x64
	EndGlobalSection
	GlobalSection(ProjectConfigurationPlatforms) = postSolution
		{EEDE1AE7-789F-384C-B79C-18573A214646}.Debug|x64.ActiveCfg = Debug|x64
		{EEDE1AE7-789F-384C-B79C-18573A214646}.Debug|x64.Build.0 = Debug|x64
		{EEDE1AE7-789F-384C-B79C-18573A214646}.Release|x64.ActiveCfg = Release|x64
		{EEDE1AE7-789F-384C-B79C-18573A214646}.Release|x64.Build.0 = Release|x64
		{EEDE1AE7-789F-384C-B79C-18573A214646}.MinSizeRel|x64.ActiveCfg = MinSizeRel|x64
		{EEDE1AE7-789F-384C-B79C-18573A214646}.MinSizeRel|x64.Build.0 = MinSizeRel|x64
		{EEDE1AE7-789F-384C-B79C-18573A214646}.RelWithDebInfo|x64.ActiveCfg = RelWithDebInfo|x64
		{EEDE1AE7-789F-384C-B79C-18573A214646}.RelWithDebInfo|x64.Build.0 = RelWithDebInfo|x64
		{2719E816-2D0D-385B-8134-A7D2A17AD463}.Debug|x64.ActiveCfg = Debug|x64
		{2719E816-2D0D-385B-8134-A7D2A17AD463}.Release|x64.ActiveCfg = Release|x64
		{2719E816-2D0D-385B-8134-A7D2A17AD463}.MinSizeRel|x64.ActiveCfg = MinSizeRel|x64
		{2719E816-2D0D-385B-8134-A7D2A17AD463}.RelWithDebInfo|x64.ActiveCfg = RelWithDebInfo|x64
		{2E41566D-6462-3696-9573-12F68990E305}.Debug|x64.ActiveCfg = Debug|x64
		{2E41566D-6462-3696-9573-12F68990E305}.Debug|x64.Build.0 = Debug|x64
		{2E41566D-6462-3696-9573-12F68990E305}.Release|x64.ActiveCfg = Release|x64
		{2E41566D-6462-3696-9573-12F68990E305}.Release|x64.Build.0 = Release|x64
		{2E41566D-6462-3696-9573-12F68990E305}.MinSizeRel|x64.ActiveCfg = MinSizeRel|x64
		{2E41566D-6462-3696-9573-12F68990E305}.MinSizeRel|x64.Build.0 = MinSizeRel|x64
		{2E41566D-6462-3696-9573-12F68990E305}.RelWithDebInfo|x64.ActiveCfg = RelWithDebInfo|x64
		{2E41566D-6462-3696-9573-12F68990E305}.RelWithDebInfo|x64.Build.0 = RelWithDebInfo|x64
		{CB1F6B3B-5AB1-3934-A6AB-A8E9F945DBD1}.Debug|x64.ActiveCfg = Debug|x64
		{CB1F6B3B-5AB1-3934-A6AB-A8E9F945DBD1}.Debug|x64.Build.0 = Debug|x64
		{CB1F6B3B-5AB1-3934-A6AB-A8E9F945DBD1}.Release|x64.ActiveCfg = Release|x64
		{CB1F6B3B-5AB1-3934-A6AB-A8E9F945DBD1}.Release|x64.Build.0 = Release|x64
		{CB1F6B3B-5AB1-3934-A6AB-A8E9F945DBD1}.MinSizeRel|x64.ActiveCfg = MinSizeRel|x64
		{CB1F6B3B-5AB1-3934-A6AB-A8E9F945DBD1}.MinSizeRel|x64.Build.0 = MinSizeRel|x64
		{CB1F6B3B-5AB1-3934-A6AB-A8E9F945DBD1}.RelWithDebInfo|x64.ActiveCfg = RelWithDebInfo|x64
		{CB1F6B3B-5AB1-3934-A6AB-A8E9F945DBD1}.RelWithDebInfo|x64.Build.0 = RelWithDebInfo|x64
	EndGlobalSection
	GlobalSection(ExtensibilityGlobals) = postSolution
		SolutionGuid = {160A5F96-DD36-3812-842A-1DF8DCA1E4B4}
	EndGlobalSection
	GlobalSection(ExtensibilityAddIns) = postSolution
	EndGlobalSection
EndGlobal
